// !$*UTF8*$!
{
	archiveVersion = 1;
	classes = {
	};
	objectVersion = 55;
	objects = {

/* Begin PBXBuildFile section */
		33532020285523E6003E0FF7 /* Locationservice.swift in Sources */ = {isa = PBXBuildFile; fileRef = 3353201F285523E6003E0FF7 /* Locationservice.swift */; };
		3353202228561D4F003E0FF7 /* StartingPoint.swift in Sources */ = {isa = PBXBuildFile; fileRef = 3353202128561D4F003E0FF7 /* StartingPoint.swift */; };
		3353202428561D65003E0FF7 /* EndingPoint.swift in Sources */ = {isa = PBXBuildFile; fileRef = 3353202328561D65003E0FF7 /* EndingPoint.swift */; };
		335320262856825F003E0FF7 /* UIViewExtension.swift in Sources */ = {isa = PBXBuildFile; fileRef = 335320252856825F003E0FF7 /* UIViewExtension.swift */; };
		33CC4C092855023200890583 /* AppDelegate.swift in Sources */ = {isa = PBXBuildFile; fileRef = 33CC4C082855023200890583 /* AppDelegate.swift */; };
		33CC4C0B2855023200890583 /* SceneDelegate.swift in Sources */ = {isa = PBXBuildFile; fileRef = 33CC4C0A2855023200890583 /* SceneDelegate.swift */; };
		33CC4C0D2855023200890583 /* MainViewController.swift in Sources */ = {isa = PBXBuildFile; fileRef = 33CC4C0C2855023200890583 /* MainViewController.swift */; };
		33CC4C102855023200890583 /* Main.storyboard in Resources */ = {isa = PBXBuildFile; fileRef = 33CC4C0E2855023200890583 /* Main.storyboard */; };
		33CC4C122855023400890583 /* Assets.xcassets in Resources */ = {isa = PBXBuildFile; fileRef = 33CC4C112855023400890583 /* Assets.xcassets */; };
		33CC4C152855023400890583 /* LaunchScreen.storyboard in Resources */ = {isa = PBXBuildFile; fileRef = 33CC4C132855023400890583 /* LaunchScreen.storyboard */; };
/* End PBXBuildFile section */

/* Begin PBXFileReference section */
		3353201F285523E6003E0FF7 /* Locationservice.swift */ = {isa = PBXFileReference; lastKnownFileType = sourcecode.swift; path = Locationservice.swift; sourceTree = "<group>"; };
		3353202128561D4F003E0FF7 /* StartingPoint.swift */ = {isa = PBXFileReference; lastKnownFileType = sourcecode.swift; path = StartingPoint.swift; sourceTree = "<group>"; };
		3353202328561D65003E0FF7 /* EndingPoint.swift */ = {isa = PBXFileReference; lastKnownFileType = sourcecode.swift; path = EndingPoint.swift; sourceTree = "<group>"; };
		335320252856825F003E0FF7 /* UIViewExtension.swift */ = {isa = PBXFileReference; lastKnownFileType = sourcecode.swift; path = UIViewExtension.swift; sourceTree = "<group>"; };
		33CC4C052855023200890583 /* RunningApp.app */ = {isa = PBXFileReference; explicitFileType = wrapper.application; includeInIndex = 0; path = RunningApp.app; sourceTree = BUILT_PRODUCTS_DIR; };
		33CC4C082855023200890583 /* AppDelegate.swift */ = {isa = PBXFileReference; lastKnownFileType = sourcecode.swift; path = AppDelegate.swift; sourceTree = "<group>"; };
		33CC4C0A2855023200890583 /* SceneDelegate.swift */ = {isa = PBXFileReference; lastKnownFileType = sourcecode.swift; path = SceneDelegate.swift; sourceTree = "<group>"; };
		33CC4C0C2855023200890583 /* MainViewController.swift */ = {isa = PBXFileReference; lastKnownFileType = sourcecode.swift; path = MainViewController.swift; sourceTree = "<group>"; };
		33CC4C0F2855023200890583 /* Base */ = {isa = PBXFileReference; lastKnownFileType = file.storyboard; name = Base; path = Base.lproj/Main.storyboard; sourceTree = "<group>"; };
		33CC4C112855023400890583 /* Assets.xcassets */ = {isa = PBXFileReference; lastKnownFileType = folder.assetcatalog; path = Assets.xcassets; sourceTree = "<group>"; };
		33CC4C142855023400890583 /* Base */ = {isa = PBXFileReference; lastKnownFileType = file.storyboard; name = Base; path = Base.lproj/LaunchScreen.storyboard; sourceTree = "<group>"; };
		33CC4C162855023400890583 /* Info.plist */ = {isa = PBXFileReference; lastKnownFileType = text.plist.xml; path = Info.plist; sourceTree = "<group>"; };
/* End PBXFileReference section */

/* Begin PBXFrameworksBuildPhase section */
		33CC4C022855023200890583 /* Frameworks */ = {
			isa = PBXFrameworksBuildPhase;
			buildActionMask = 2147483647;
			files = (
			);
			runOnlyForDeploymentPostprocessing = 0;
		};
/* End PBXFrameworksBuildPhase section */

/* Begin PBXGroup section */
		33CC4BFC2855023200890583 = {
			isa = PBXGroup;
			children = (
				33CC4C072855023200890583 /* RunningApp */,
				33CC4C062855023200890583 /* Products */,
			);
			sourceTree = "<group>";
		};
		33CC4C062855023200890583 /* Products */ = {
			isa = PBXGroup;
			children = (
				33CC4C052855023200890583 /* RunningApp.app */,
			);
			name = Products;
			sourceTree = "<group>";
		};
		33CC4C072855023200890583 /* RunningApp */ = {
			isa = PBXGroup;
			children = (
				33CC4C082855023200890583 /* AppDelegate.swift */,
				33CC4C0A2855023200890583 /* SceneDelegate.swift */,
				33CC4C1F2855031000890583 /* Model */,
				33CC4C1E285502F700890583 /* View */,
				33CC4C1D285502EF00890583 /* Controller */,
				33CC4C1C285502E800890583 /* Services */,
				33CC4C0E2855023200890583 /* Main.storyboard */,
				33CC4C132855023400890583 /* LaunchScreen.storyboard */,
				33CC4C112855023400890583 /* Assets.xcassets */,
				33CC4C162855023400890583 /* Info.plist */,
			);
			path = RunningApp;
			sourceTree = "<group>";
		};
		33CC4C1C285502E800890583 /* Services */ = {
			isa = PBXGroup;
			children = (
				3353201F285523E6003E0FF7 /* Locationservice.swift */,
			);
			path = Services;
			sourceTree = "<group>";
		};
		33CC4C1D285502EF00890583 /* Controller */ = {
			isa = PBXGroup;
			children = (
				33CC4C0C2855023200890583 /* MainViewController.swift */,
			);
			path = Controller;
			sourceTree = "<group>";
		};
		33CC4C1E285502F700890583 /* View */ = {
			isa = PBXGroup;
			children = (
				335320252856825F003E0FF7 /* UIViewExtension.swift */,
			);
			path = View;
			sourceTree = "<group>";
		};
		33CC4C1F2855031000890583 /* Model */ = {
			isa = PBXGroup;
			children = (
				3353202128561D4F003E0FF7 /* StartingPoint.swift */,
				3353202328561D65003E0FF7 /* EndingPoint.swift */,
			);
			path = Model;
			sourceTree = "<group>";
		};
/* End PBXGroup section */

/* Begin PBXNativeTarget section */
		33CC4C042855023200890583 /* RunningApp */ = {
			isa = PBXNativeTarget;
			buildConfigurationList = 33CC4C192855023400890583 /* Build configuration list for PBXNativeTarget "RunningApp" */;
			buildPhases = (
				33CC4C012855023200890583 /* Sources */,
				33CC4C022855023200890583 /* Frameworks */,
				33CC4C032855023200890583 /* Resources */,
			);
			buildRules = (
			);
			dependencies = (
			);
			name = RunningApp;
			productName = RunningApp;
			productReference = 33CC4C052855023200890583 /* RunningApp.app */;
			productType = "com.apple.product-type.application";
		};
/* End PBXNativeTarget section */

/* Begin PBXProject section */
		33CC4BFD2855023200890583 /* Project object */ = {
			isa = PBXProject;
			attributes = {
				BuildIndependentTargetsInParallel = 1;
				LastSwiftUpdateCheck = 1340;
				LastUpgradeCheck = 1340;
				TargetAttributes = {
					33CC4C042855023200890583 = {
						CreatedOnToolsVersion = 13.4.1;
					};
				};
			};
			buildConfigurationList = 33CC4C002855023200890583 /* Build configuration list for PBXProject "RunningApp" */;
			compatibilityVersion = "Xcode 13.0";
			developmentRegion = en;
			hasScannedForEncodings = 0;
			knownRegions = (
				en,
				Base,
			);
			mainGroup = 33CC4BFC2855023200890583;
			productRefGroup = 33CC4C062855023200890583 /* Products */;
			projectDirPath = "";
			projectRoot = "";
			targets = (
				33CC4C042855023200890583 /* RunningApp */,
			);
		};
/* End PBXProject section */

/* Begin PBXResourcesBuildPhase section */
		33CC4C032855023200890583 /* Resources */ = {
			isa = PBXResourcesBuildPhase;
			buildActionMask = 2147483647;
			files = (
				33CC4C152855023400890583 /* LaunchScreen.storyboard in Resources */,
				33CC4C122855023400890583 /* Assets.xcassets in Resources */,
				33CC4C102855023200890583 /* Main.storyboard in Resources */,
			);
			runOnlyForDeploymentPostprocessing = 0;
		};
/* End PBXResourcesBuildPhase section */

/* Begin PBXSourcesBuildPhase section */
		33CC4C012855023200890583 /* Sources */ = {
			isa = PBXSourcesBuildPhase;
			buildActionMask = 2147483647;
			files = (
				33CC4C0D2855023200890583 /* MainViewController.swift in Sources */,
				3353202428561D65003E0FF7 /* EndingPoint.swift in Sources */,
				33CC4C092855023200890583 /* AppDelegate.swift in Sources */,
				33532020285523E6003E0FF7 /* Locationservice.swift in Sources */,
				335320262856825F003E0FF7 /* UIViewExtension.swift in Sources */,
				3353202228561D4F003E0FF7 /* StartingPoint.swift in Sources */,
				33CC4C0B2855023200890583 /* SceneDelegate.swift in Sources */,
			);
			runOnlyForDeploymentPostprocessing = 0;
		};
/* End PBXSourcesBuildPhase section */

/* Begin PBXVariantGroup section */
		33CC4C0E2855023200890583 /* Main.storyboard */ = {
			isa = PBXVariantGroup;
			children = (
				33CC4C0F2855023200890583 /* Base */,
			);
			name = Main.storyboard;
			sourceTree = "<group>";
		};
		33CC4C132855023400890583 /* LaunchScreen.storyboard */ = {
			isa = PBXVariantGroup;
			children = (
				33CC4C142855023400890583 /* Base */,
			);
			name = LaunchScreen.storyboard;
			sourceTree = "<group>";
		};
/* End PBXVariantGroup section */

/* Begin XCBuildConfiguration section */
		33CC4C172855023400890583 /* Debug */ = {
			isa = XCBuildConfiguration;
			buildSettings = {
				ALWAYS_SEARCH_USER_PATHS = NO;
				CLANG_ANALYZER_NONNULL = YES;
				CLANG_ANALYZER_NUMBER_OBJECT_CONVERSION = YES_AGGRESSIVE;
				CLANG_CXX_LANGUAGE_STANDARD = "gnu++17";
				CLANG_ENABLE_MODULES = YES;
				CLANG_ENABLE_OBJC_ARC = YES;
				CLANG_ENABLE_OBJC_WEAK = YES;
				CLANG_WARN_BLOCK_CAPTURE_AUTORELEASING = YES;
				CLANG_WARN_BOOL_CONVERSION = YES;
				CLANG_WARN_COMMA = YES;
				CLANG_WARN_CONSTANT_CONVERSION = YES;
				CLANG_WARN_DEPRECATED_OBJC_IMPLEMENTATIONS = YES;
				CLANG_WARN_DIRECT_OBJC_ISA_USAGE = YES_ERROR;
				CLANG_WARN_DOCUMENTATION_COMMENTS = YES;
				CLANG_WARN_EMPTY_BODY = YES;
				CLANG_WARN_ENUM_CONVERSION = YES;
				CLANG_WARN_INFINITE_RECURSION = YES;
				CLANG_WARN_INT_CONVERSION = YES;
				CLANG_WARN_NON_LITERAL_NULL_CONVERSION = YES;
				CLANG_WARN_OBJC_IMPLICIT_RETAIN_SELF = YES;
				CLANG_WARN_OBJC_LITERAL_CONVERSION = YES;
				CLANG_WARN_OBJC_ROOT_CLASS = YES_ERROR;
				CLANG_WARN_QUOTED_INCLUDE_IN_FRAMEWORK_HEADER = YES;
				CLANG_WARN_RANGE_LOOP_ANALYSIS = YES;
				CLANG_WARN_STRICT_PROTOTYPES = YES;
				CLANG_WARN_SUSPICIOUS_MOVE = YES;
				CLANG_WARN_UNGUARDED_AVAILABILITY = YES_AGGRESSIVE;
				CLANG_WARN_UNREACHABLE_CODE = YES;
				CLANG_WARN__DUPLICATE_METHOD_MATCH = YES;
				COPY_PHASE_STRIP = NO;
				DEBUG_INFORMATION_FORMAT = dwarf;
				ENABLE_STRICT_OBJC_MSGSEND = YES;
				ENABLE_TESTABILITY = YES;
				GCC_C_LANGUAGE_STANDARD = gnu11;
				GCC_DYNAMIC_NO_PIC = NO;
				GCC_NO_COMMON_BLOCKS = YES;
				GCC_OPTIMIZATION_LEVEL = 0;
				GCC_PREPROCESSOR_DEFINITIONS = (
					"DEBUG=1",
					"$(inherited)",
				);
				GCC_WARN_64_TO_32_BIT_CONVERSION = YES;
				GCC_WARN_ABOUT_RETURN_TYPE = YES_ERROR;
				GCC_WARN_UNDECLARED_SELECTOR = YES;
				GCC_WARN_UNINITIALIZED_AUTOS = YES_AGGRESSIVE;
				GCC_WARN_UNUSED_FUNCTION = YES;
				GCC_WARN_UNUSED_VARIABLE = YES;
				IPHONEOS_DEPLOYMENT_TARGET = 15.5;
				MTL_ENABLE_DEBUG_INFO = INCLUDE_SOURCE;
				MTL_FAST_MATH = YES;
				ONLY_ACTIVE_ARCH = YES;
				SDKROOT = iphoneos;
				SWIFT_ACTIVE_COMPILATION_CONDITIONS = DEBUG;
				SWIFT_OPTIMIZATION_LEVEL = "-Onone";
			};
			name = Debug;
		};
		33CC4C182855023400890583 /* Release */ = {
			isa = XCBuildConfiguration;
			buildSettings = {
				ALWAYS_SEARCH_USER_PATHS = NO;
				CLANG_ANALYZER_NONNULL = YES;
				CLANG_ANALYZER_NUMBER_OBJECT_CONVERSION = YES_AGGRESSIVE;
				CLANG_CXX_LANGUAGE_STANDARD = "gnu++17";
				CLANG_ENABLE_MODULES = YES;
				CLANG_ENABLE_OBJC_ARC = YES;
				CLANG_ENABLE_OBJC_WEAK = YES;
				CLANG_WARN_BLOCK_CAPTURE_AUTORELEASING = YES;
				CLANG_WARN_BOOL_CONVERSION = YES;
				CLANG_WARN_COMMA = YES;
				CLANG_WARN_CONSTANT_CONVERSION = YES;
				CLANG_WARN_DEPRECATED_OBJC_IMPLEMENTATIONS = YES;
				CLANG_WARN_DIRECT_OBJC_ISA_USAGE = YES_ERROR;
				CLANG_WARN_DOCUMENTATION_COMMENTS = YES;
				CLANG_WARN_EMPTY_BODY = YES;
				CLANG_WARN_ENUM_CONVERSION = YES;
				CLANG_WARN_INFINITE_RECURSION = YES;
				CLANG_WARN_INT_CONVERSION = YES;
				CLANG_WARN_NON_LITERAL_NULL_CONVERSION = YES;
				CLANG_WARN_OBJC_IMPLICIT_RETAIN_SELF = YES;
				CLANG_WARN_OBJC_LITERAL_CONVERSION = YES;
				CLANG_WARN_OBJC_ROOT_CLASS = YES_ERROR;
				CLANG_WARN_QUOTED_INCLUDE_IN_FRAMEWORK_HEADER = YES;
				CLANG_WARN_RANGE_LOOP_ANALYSIS = YES;
				CLANG_WARN_STRICT_PROTOTYPES = YES;
				CLANG_WARN_SUSPICIOUS_MOVE = YES;
				CLANG_WARN_UNGUARDED_AVAILABILITY = YES_AGGRESSIVE;
				CLANG_WARN_UNREACHABLE_CODE = YES;
				CLANG_WARN__DUPLICATE_METHOD_MATCH = YES;
				COPY_PHASE_STRIP = NO;
				DEBUG_INFORMATION_FORMAT = "dwarf-with-dsym";
				ENABLE_NS_ASSERTIONS = NO;
				ENABLE_STRICT_OBJC_MSGSEND = YES;
				GCC_C_LANGUAGE_STANDARD = gnu11;
				GCC_NO_COMMON_BLOCKS = YES;
				GCC_WARN_64_TO_32_BIT_CONVERSION = YES;
				GCC_WARN_ABOUT_RETURN_TYPE = YES_ERROR;
				GCC_WARN_UNDECLARED_SELECTOR = YES;
				GCC_WARN_UNINITIALIZED_AUTOS = YES_AGGRESSIVE;
				GCC_WARN_UNUSED_FUNCTION = YES;
				GCC_WARN_UNUSED_VARIABLE = YES;
				IPHONEOS_DEPLOYMENT_TARGET = 15.5;
				MTL_ENABLE_DEBUG_INFO = NO;
				MTL_FAST_MATH = YES;
				SDKROOT = iphoneos;
				SWIFT_COMPILATION_MODE = wholemodule;
				SWIFT_OPTIMIZATION_LEVEL = "-O";
				VALIDATE_PRODUCT = YES;
			};
			name = Release;
		};
		33CC4C1A2855023400890583 /* Debug */ = {
			isa = XCBuildConfiguration;
			buildSettings = {
				ASSETCATALOG_COMPILER_APPICON_NAME = AppIcon;
				ASSETCATALOG_COMPILER_GLOBAL_ACCENT_COLOR_NAME = AccentColor;
				CODE_SIGN_STYLE = Automatic;
				CURRENT_PROJECT_VERSION = 1;
				DEVELOPMENT_TEAM = B33C68V2AN;
				GENERATE_INFOPLIST_FILE = YES;
				INFOPLIST_FILE = RunningApp/Info.plist;
				INFOPLIST_KEY_NSLocationWhenInUseUsageDescription = "We need access to your location to track your running path";
				INFOPLIST_KEY_UIApplicationSupportsIndirectInputEvents = YES;
				INFOPLIST_KEY_UILaunchStoryboardName = LaunchScreen;
				INFOPLIST_KEY_UIMainStoryboardFile = Main;
				INFOPLIST_KEY_UISupportedInterfaceOrientations = UIInterfaceOrientationPortrait;
				INFOPLIST_KEY_UISupportedInterfaceOrientations_iPad = "UIInterfaceOrientationPortrait UIInterfaceOrientationPortraitUpsideDown UIInterfaceOrientationLandscapeLeft UIInterfaceOrientationLandscapeRight";
				INFOPLIST_KEY_UISupportedInterfaceOrientations_iPhone = UIInterfaceOrientationPortrait;
				LD_RUNPATH_SEARCH_PATHS = (
					"$(inherited)",
					"@executable_path/Frameworks",
				);
				MARKETING_VERSION = 1.0;
				PRODUCT_BUNDLE_IDENTIFIER = josuegcp95.RunningApp;
				PRODUCT_NAME = "$(TARGET_NAME)";
				SWIFT_EMIT_LOC_STRINGS = YES;
				SWIFT_VERSION = 5.0;
				TARGETED_DEVICE_FAMILY = 1;
			};
			name = Debug;
		};
		33CC4C1B2855023400890583 /* Release */ = {
			isa = XCBuildConfiguration;
			buildSettings = {
				ASSETCATALOG_COMPILER_APPICON_NAME = AppIcon;
				ASSETCATALOG_COMPILER_GLOBAL_ACCENT_COLOR_NAME = AccentColor;
				CODE_SIGN_STYLE = Automatic;
				CURRENT_PROJECT_VERSION = 1;
				DEVELOPMENT_TEAM = B33C68V2AN;
				GENERATE_INFOPLIST_FILE = YES;
				INFOPLIST_FILE = RunningApp/Info.plist;
				INFOPLIST_KEY_NSLocationWhenInUseUsageDescription = "We need access to your location to track your running path";
				INFOPLIST_KEY_UIApplicationSupportsIndirectInputEvents = YES;
				INFOPLIST_KEY_UILaunchStoryboardName = LaunchScreen;
				INFOPLIST_KEY_UIMainStoryboardFile = Main;
				INFOPLIST_KEY_UISupportedInterfaceOrientations = UIInterfaceOrientationPortrait;
				INFOPLIST_KEY_UISupportedInterfaceOrientations_iPad = "UIInterfaceOrientationPortrait UIInterfaceOrientationPortraitUpsideDown UIInterfaceOrientationLandscapeLeft UIInterfaceOrientationLandscapeRight";
				INFOPLIST_KEY_UISupportedInterfaceOrientations_iPhone = UIInterfaceOrientationPortrait;
				LD_RUNPATH_SEARCH_PATHS = (
					"$(inherited)",
					"@executable_path/Frameworks",
				);
				MARKETING_VERSION = 1.0;
				PRODUCT_BUNDLE_IDENTIFIER = josuegcp95.RunningApp;
				PRODUCT_NAME = "$(TARGET_NAME)";
				SWIFT_EMIT_LOC_STRINGS = YES;
				SWIFT_VERSION = 5.0;
				TARGETED_DEVICE_FAMILY = 1;
			};
			name = Release;
		};
/* End XCBuildConfiguration section */

/* Begin XCConfigurationList section */
		33CC4C002855023200890583 /* Build configuration list for PBXProject "RunningApp" */ = {
			isa = XCConfigurationList;
			buildConfigurations = (
				33CC4C172855023400890583 /* Debug */,
				33CC4C182855023400890583 /* Release */,
			);
			defaultConfigurationIsVisible = 0;
			defaultConfigurationName = Release;
		};
		33CC4C192855023400890583 /* Build configuration list for PBXNativeTarget "RunningApp" */ = {
			isa = XCConfigurationList;
			buildConfigurations = (
				33CC4C1A2855023400890583 /* Debug */,
				33CC4C1B2855023400890583 /* Release */,
			);
			defaultConfigurationIsVisible = 0;
			defaultConfigurationName = Release;
		};
/* End XCConfigurationList section */
	};
	rootObject = 33CC4BFD2855023200890583 /* Project object */;
}
